
Microsoft Visual Studio Solution File, Format Version 12.00
# Visual Studio Version 17
VisualStudioVersion = 17.0.31903.59
MinimumVisualStudioVersion = 10.0.40219.1
Project("{FAE04EC0-301F-11D3-BF4B-00C04F79EFBC}") = "API", "API\API.csproj", "{859F3DE6-3949-4881-ABD6-62EB38DB8324}"
EndProject
Project("{FAE04EC0-301F-11D3-BF4B-00C04F79EFBC}") = "Application", "Application\Application.csproj", "{1E252A7F-1256-46B4-8190-DDE5BE6EA108}"
EndProject
Project("{FAE04EC0-301F-11D3-BF4B-00C04F79EFBC}") = "Domain", "Domain\Domain.csproj", "{DE629D41-021F-4D47-BA20-908EF41BA2D8}"
EndProject
Project("{FAE04EC0-301F-11D3-BF4B-00C04F79EFBC}") = "Persistence", "Persistence\Persistence.csproj", "{7454D778-69B3-4F3D-8F49-51C15730928A}"
EndProject
Global
	GlobalSection(SolutionConfigurationPlatforms) = preSolution
		Debug|Any CPU = Debug|Any CPU
		Release|Any CPU = Release|Any CPU
	EndGlobalSection
	GlobalSection(SolutionProperties) = preSolution
		HideSolutionNode = FALSE
	EndGlobalSection
	GlobalSection(ProjectConfigurationPlatforms) = postSolution
		{859F3DE6-3949-4881-ABD6-62EB38DB8324}.Debug|Any CPU.ActiveCfg = Debug|Any CPU
		{859F3DE6-3949-4881-ABD6-62EB38DB8324}.Debug|Any CPU.Build.0 = Debug|Any CPU
		{859F3DE6-3949-4881-ABD6-62EB38DB8324}.Release|Any CPU.ActiveCfg = Release|Any CPU
		{859F3DE6-3949-4881-ABD6-62EB38DB8324}.Release|Any CPU.Build.0 = Release|Any CPU
		{1E252A7F-1256-46B4-8190-DDE5BE6EA108}.Debug|Any CPU.ActiveCfg = Debug|Any CPU
		{1E252A7F-1256-46B4-8190-DDE5BE6EA108}.Debug|Any CPU.Build.0 = Debug|Any CPU
		{1E252A7F-1256-46B4-8190-DDE5BE6EA108}.Release|Any CPU.ActiveCfg = Release|Any CPU
		{1E252A7F-1256-46B4-8190-DDE5BE6EA108}.Release|Any CPU.Build.0 = Release|Any CPU
		{DE629D41-021F-4D47-BA20-908EF41BA2D8}.Debug|Any CPU.ActiveCfg = Debug|Any CPU
		{DE629D41-021F-4D47-BA20-908EF41BA2D8}.Debug|Any CPU.Build.0 = Debug|Any CPU
		{DE629D41-021F-4D47-BA20-908EF41BA2D8}.Release|Any CPU.ActiveCfg = Release|Any CPU
		{DE629D41-021F-4D47-BA20-908EF41BA2D8}.Release|Any CPU.Build.0 = Release|Any CPU
		{7454D778-69B3-4F3D-8F49-51C15730928A}.Debug|Any CPU.ActiveCfg = Debug|Any CPU
		{7454D778-69B3-4F3D-8F49-51C15730928A}.Debug|Any CPU.Build.0 = Debug|Any CPU
		{7454D778-69B3-4F3D-8F49-51C15730928A}.Release|Any CPU.ActiveCfg = Release|Any CPU
		{7454D778-69B3-4F3D-8F49-51C15730928A}.Release|Any CPU.Build.0 = Release|Any CPU
	EndGlobalSection
EndGlobal
